
Microsoft Visual Studio Solution File, Format Version 12.00
# Visual Studio Version 17
VisualStudioVersion = 17.4.33205.214
MinimumVisualStudioVersion = 10.0.40219.1
Project("{FAE04EC0-301F-11D3-BF4B-00C04F79EFBC}") = "MyHrProject", "MyHrProject\MyHrProject.csproj", "{78E894FF-02CC-4684-9C1D-2265D75FCB4B}"
EndProject
Global
	GlobalSection(SolutionConfigurationPlatforms) = preSolution
		Debug|Any CPU = Debug|Any CPU
		Release|Any CPU = Release|Any CPU
	EndGlobalSection
	GlobalSection(ProjectConfigurationPlatforms) = postSolution
		{78E894FF-02CC-4684-9C1D-2265D75FCB4B}.Debug|Any CPU.ActiveCfg = Debug|Any CPU
		{78E894FF-02CC-4684-9C1D-2265D75FCB4B}.Debug|Any CPU.Build.0 = Debug|Any CPU
		{78E894FF-02CC-4684-9C1D-2265D75FCB4B}.Release|Any CPU.ActiveCfg = Release|Any CPU
		{78E894FF-02CC-4684-9C1D-2265D75FCB4B}.Release|Any CPU.Build.0 = Release|Any CPU
	EndGlobalSection
	GlobalSection(SolutionProperties) = preSolution
		HideSolutionNode = FALSE
	EndGlobalSection
	GlobalSection(ExtensibilityGlobals) = postSolution
		SolutionGuid = {4B23C175-6E5D-4206-9D35-82A229AD69ED}
	EndGlobalSection
EndGlobal
